
Microsoft Visual Studio Solution File, Format Version 12.00
# Visual Studio Version 16
VisualStudioVersion = 16.0.31205.134
MinimumVisualStudioVersion = 10.0.40219.1
Project("{FAE04EC0-301F-11D3-BF4B-00C04F79EFBC}") = "S5_DataBaseFirstEF.Web", "S5_DataBaseFirstEF.Web\S5_DataBaseFirstEF.Web.csproj", "{58E394F6-755E-48BB-89B3-A41B1723AEDA}"
EndProject
Global
	GlobalSection(SolutionConfigurationPlatforms) = preSolution
		Debug|Any CPU = Debug|Any CPU
		Release|Any CPU = Release|Any CPU
	EndGlobalSection
	GlobalSection(ProjectConfigurationPlatforms) = postSolution
		{58E394F6-755E-48BB-89B3-A41B1723AEDA}.Debug|Any CPU.ActiveCfg = Debug|Any CPU
		{58E394F6-755E-48BB-89B3-A41B1723AEDA}.Debug|Any CPU.Build.0 = Debug|Any CPU
		{58E394F6-755E-48BB-89B3-A41B1723AEDA}.Release|Any CPU.ActiveCfg = Release|Any CPU
		{58E394F6-755E-48BB-89B3-A41B1723AEDA}.Release|Any CPU.Build.0 = Release|Any CPU
	EndGlobalSection
	GlobalSection(SolutionProperties) = preSolution
		HideSolutionNode = FALSE
	EndGlobalSection
	GlobalSection(ExtensibilityGlobals) = postSolution
		SolutionGuid = {04DFAD99-A918-4361-9581-9A596D6DAB11}
	EndGlobalSection
EndGlobal
